
Microsoft Visual Studio Solution File, Format Version 12.00
# Visual Studio Version 16
VisualStudioVersion = 16.0.35425.106
MinimumVisualStudioVersion = 10.0.40219.1
Project("{FAE04EC0-301F-11D3-BF4B-00C04F79EFBC}") = "HemaTournamentWebSite", "HemaTournamentWebSite\HemaTournamentWebSite.csproj", "{BC8379DB-A4BE-4BDF-8804-D8412D03FCD5}"
EndProject
Project("{FAE04EC0-301F-11D3-BF4B-00C04F79EFBC}") = "HemaTournamentWebSiteBLL", "HemaTournamentWebSiteBLL\HemaTournamentWebSiteBLL.csproj", "{13EBCEC8-5C68-4E5D-BE77-E1106FB832DB}"
EndProject
Global
	GlobalSection(SolutionConfigurationPlatforms) = preSolution
		Debug|Any CPU = Debug|Any CPU
		Release|Any CPU = Release|Any CPU
	EndGlobalSection
	GlobalSection(ProjectConfigurationPlatforms) = postSolution
		{BC8379DB-A4BE-4BDF-8804-D8412D03FCD5}.Debug|Any CPU.ActiveCfg = Debug|Any CPU
		{BC8379DB-A4BE-4BDF-8804-D8412D03FCD5}.Debug|Any CPU.Build.0 = Debug|Any CPU
		{BC8379DB-A4BE-4BDF-8804-D8412D03FCD5}.Release|Any CPU.ActiveCfg = Release|Any CPU
		{BC8379DB-A4BE-4BDF-8804-D8412D03FCD5}.Release|Any CPU.Build.0 = Release|Any CPU
		{13EBCEC8-5C68-4E5D-BE77-E1106FB832DB}.Debug|Any CPU.ActiveCfg = Debug|Any CPU
		{13EBCEC8-5C68-4E5D-BE77-E1106FB832DB}.Debug|Any CPU.Build.0 = Debug|Any CPU
		{13EBCEC8-5C68-4E5D-BE77-E1106FB832DB}.Release|Any CPU.ActiveCfg = Release|Any CPU
		{13EBCEC8-5C68-4E5D-BE77-E1106FB832DB}.Release|Any CPU.Build.0 = Release|Any CPU
	EndGlobalSection
	GlobalSection(SolutionProperties) = preSolution
		HideSolutionNode = FALSE
	EndGlobalSection
	GlobalSection(ExtensibilityGlobals) = postSolution
		SolutionGuid = {797CEB1F-0ABD-4FC4-A717-D1F9212D871C}
	EndGlobalSection
EndGlobal
